PODS:
  - Flutter (1.0.0)
  - flutter_ble_lib (2.3.0):
    - Flutter
    - MultiplatformBleAdapter (~> 0.1.6)
  - flutter_blue (0.0.1):
    - Flutter
    - flutter_blue/Protos (= 0.0.1)
  - flutter_blue/Protos (0.0.1):
    - Flutter
    - Protobuf (~> 3.11.4)
  - MultiplatformBleAdapter (0.1.6)
  - Protobuf (3.11.4)

DEPENDENCIES:
  - Flutter (from `Flutter`)
  - flutter_ble_lib (from `.symlinks/plugins/flutter_ble_lib/ios`)
  - flutter_blue (from `.symlinks/plugins/flutter_blue/ios`)

SPEC REPOS:
  trunk:
    - MultiplatformBleAdapter
    - Protobuf

EXTERNAL SOURCES:
  Flutter:
    :path: Flutter
  flutter_ble_lib:
    :path: ".symlinks/plugins/flutter_ble_lib/ios"
  flutter_blue:
    :path: ".symlinks/plugins/flutter_blue/ios"

SPEC CHECKSUMS:
  Flutter: 0e3d915762c693b495b44d77113d4970485de6ec
  flutter_ble_lib: 1d400af3aa9ea4b069974cd06c2bafefe0289086
  flutter_blue: eeb381dc4727a0954dede73515f683865494b370
  MultiplatformBleAdapter: 652f47ecd7f5036756517cf66833210709a72eab
  Protobuf: 176220c526ad8bd09ab1fb40a978eac3fef665f7

PODFILE CHECKSUM: 1d62be80675f50e63eb2f851d55ee75f09951c1b

COCOAPODS: 1.8.4
